
Microsoft Visual Studio Solution File, Format Version 12.00
# Visual Studio Version 17
VisualStudioVersion = 17.0.31903.59
MinimumVisualStudioVersion = 10.0.40219.1
Project("{9A19103F-16F7-4668-BE54-9A1E7A4F7556}") = "CandidateService", "CandidateService\CandidateService.csproj", "{05C20905-991B-4FD1-967F-77B0D9E52E8D}"
EndProject
Project("{9A19103F-16F7-4668-BE54-9A1E7A4F7556}") = "ApplicationService", "ApplicationService\ApplicationService.csproj", "{FD2F198B-9278-4616-BD90-721D62B92B07}"
EndProject
Project("{9A19103F-16F7-4668-BE54-9A1E7A4F7556}") = "JobService", "JobService\JobService.csproj", "{84AF0BD6-48E5-409D-85E8-15C343630136}"
EndProject
Global
	GlobalSection(SolutionConfigurationPlatforms) = preSolution
		Debug|Any CPU = Debug|Any CPU
		Release|Any CPU = Release|Any CPU
	EndGlobalSection
	GlobalSection(ProjectConfigurationPlatforms) = postSolution
		{05C20905-991B-4FD1-967F-77B0D9E52E8D}.Debug|Any CPU.ActiveCfg = Debug|Any CPU
		{05C20905-991B-4FD1-967F-77B0D9E52E8D}.Debug|Any CPU.Build.0 = Debug|Any CPU
		{05C20905-991B-4FD1-967F-77B0D9E52E8D}.Release|Any CPU.ActiveCfg = Release|Any CPU
		{05C20905-991B-4FD1-967F-77B0D9E52E8D}.Release|Any CPU.Build.0 = Release|Any CPU
		{FD2F198B-9278-4616-BD90-721D62B92B07}.Debug|Any CPU.ActiveCfg = Debug|Any CPU
		{FD2F198B-9278-4616-BD90-721D62B92B07}.Debug|Any CPU.Build.0 = Debug|Any CPU
		{FD2F198B-9278-4616-BD90-721D62B92B07}.Release|Any CPU.ActiveCfg = Release|Any CPU
		{FD2F198B-9278-4616-BD90-721D62B92B07}.Release|Any CPU.Build.0 = Release|Any CPU
		{84AF0BD6-48E5-409D-85E8-15C343630136}.Debug|Any CPU.ActiveCfg = Debug|Any CPU
		{84AF0BD6-48E5-409D-85E8-15C343630136}.Debug|Any CPU.Build.0 = Debug|Any CPU
		{84AF0BD6-48E5-409D-85E8-15C343630136}.Release|Any CPU.ActiveCfg = Release|Any CPU
		{84AF0BD6-48E5-409D-85E8-15C343630136}.Release|Any CPU.Build.0 = Release|Any CPU
	EndGlobalSection
	GlobalSection(SolutionProperties) = preSolution
		HideSolutionNode = FALSE
	EndGlobalSection
	GlobalSection(ExtensibilityGlobals) = postSolution
		SolutionGuid = {C7BDC05C-9EEA-4A3A-BB37-D32D4CC1A125}
	EndGlobalSection
EndGlobal
